
Microsoft Visual Studio Solution File, Format Version 12.00
# Visual Studio Version 17
VisualStudioVersion = 17.1.32407.343
MinimumVisualStudioVersion = 10.0.40219.1
Project("{9A19103F-16F7-4668-BE54-9A1E7A4F7556}") = "Genocs.FranceInsee.Api", "Genocs.FranceInsee.Api\Genocs.FranceInsee.Api.csproj", "{B4C93EC4-6539-488C-B8B5-495958BDA9E8}"
EndProject
Global
	GlobalSection(SolutionConfigurationPlatforms) = preSolution
		Debug|Any CPU = Debug|Any CPU
		Release|Any CPU = Release|Any CPU
	EndGlobalSection
	GlobalSection(ProjectConfigurationPlatforms) = postSolution
		{B4C93EC4-6539-488C-B8B5-495958BDA9E8}.Debug|Any CPU.ActiveCfg = Debug|Any CPU
		{B4C93EC4-6539-488C-B8B5-495958BDA9E8}.Debug|Any CPU.Build.0 = Debug|Any CPU
		{B4C93EC4-6539-488C-B8B5-495958BDA9E8}.Release|Any CPU.ActiveCfg = Release|Any CPU
		{B4C93EC4-6539-488C-B8B5-495958BDA9E8}.Release|Any CPU.Build.0 = Release|Any CPU
	EndGlobalSection
	GlobalSection(SolutionProperties) = preSolution
		HideSolutionNode = FALSE
	EndGlobalSection
	GlobalSection(ExtensibilityGlobals) = postSolution
		SolutionGuid = {FF86D551-D861-40C8-B9A9-016F720154B3}
	EndGlobalSection
EndGlobal
